{
  "name": "json-diffs-demo",
  "version": "1.0.0",
  "lockfileVersion": 1,
  "requires": true,
  "dependencies": {
    "@types/fast-json-patch": {
      "version": "1.1.5",
      "resolved": "https://dn-878788551012.d.codeartifact.us-east-1.amazonaws.com/npm/dn-npm-public/@types/fast-json-patch/-/fast-json-patch-1.1.5.tgz",
      "integrity": "sha512-wcMCCNg1E0Fg2TOwFPccCaIeypSRPFwluO5T6gxcuJMRPomO3tIClf8pgpxqxjuDEjIs35d77wCAcmo6iWyW1w==",
      "dev": true,
      "requires": {
        "fast-json-patch": "*"
      }
    },
    "@types/node": {
      "version": "20.5.9",
      "resolved": "https://dn-878788551012.d.codeartifact.us-east-1.amazonaws.com/npm/dn-npm-public/@types/node/-/node-20.5.9.tgz",
      "integrity": "sha512-PcGNd//40kHAS3sTlzKB9C9XL4K0sTup8nbG5lC14kzEteTNuAFh9u5nA0o5TWnSG2r/JNPRXFVcHJIIeRlmqQ==",
      "dev": true
    },
    "fast-json-patch": {
      "version": "3.1.1",
      "resolved": "https://dn-878788551012.d.codeartifact.us-east-1.amazonaws.com/npm/dn-npm-public/fast-json-patch/-/fast-json-patch-3.1.1.tgz",
      "integrity": "sha512-vf6IHUX2SBcA+5/+4883dsIjpBTqmfBjmYiWK1savxQmFk4JfBMLa7ynTYOs1Rolp/T1betJxHiGD3g1Mn8lUQ=="
    },
    "typescript": {
      "version": "5.2.2",
      "resolved": "https://dn-878788551012.d.codeartifact.us-east-1.amazonaws.com/npm/dn-npm-public/typescript/-/typescript-5.2.2.tgz",
      "integrity": "sha512-mI4WrpHsbCIcwT9cF4FZvr80QUeKvsUsUvKDoR+X/7XHQH98xYD8YHZg7ANtz2GtZt/CBq2QJ0thkGJMHfqc1w=="
    }
  }
}
